
Microsoft Visual Studio Solution File, Format Version 12.00
# Visual Studio Version 17
VisualStudioVersion = 17.4.33110.190
MinimumVisualStudioVersion = 10.0.40219.1
Project("{9A19103F-16F7-4668-BE54-9A1E7A4F7556}") = "CodeCompilerLibrary", "CodeCompilerLibrary\CodeCompilerLibrary.csproj", "{E30965BF-8C20-4B7D-A0A6-2C0FB0E2903B}"
EndProject
Project("{9A19103F-16F7-4668-BE54-9A1E7A4F7556}") = "CSharpSBTest", "CSharpSBTest\CSharpSBTest.csproj", "{CE0BC8A6-273F-4216-828C-AD55EA9120E8}"
EndProject
Project("{9A19103F-16F7-4668-BE54-9A1E7A4F7556}") = "CSharpSbAPI", "CSharpSbAPI\CSharpSbAPI.csproj", "{93185128-F66E-4FF0-A6E5-3CDE7E7E9D49}"
EndProject
Global
	GlobalSection(SolutionConfigurationPlatforms) = preSolution
		Debug|Any CPU = Debug|Any CPU
		Release|Any CPU = Release|Any CPU
	EndGlobalSection
	GlobalSection(ProjectConfigurationPlatforms) = postSolution
		{E30965BF-8C20-4B7D-A0A6-2C0FB0E2903B}.Debug|Any CPU.ActiveCfg = Debug|Any CPU
		{E30965BF-8C20-4B7D-A0A6-2C0FB0E2903B}.Debug|Any CPU.Build.0 = Debug|Any CPU
		{E30965BF-8C20-4B7D-A0A6-2C0FB0E2903B}.Release|Any CPU.ActiveCfg = Release|Any CPU
		{E30965BF-8C20-4B7D-A0A6-2C0FB0E2903B}.Release|Any CPU.Build.0 = Release|Any CPU
		{CE0BC8A6-273F-4216-828C-AD55EA9120E8}.Debug|Any CPU.ActiveCfg = Debug|Any CPU
		{CE0BC8A6-273F-4216-828C-AD55EA9120E8}.Debug|Any CPU.Build.0 = Debug|Any CPU
		{CE0BC8A6-273F-4216-828C-AD55EA9120E8}.Release|Any CPU.ActiveCfg = Release|Any CPU
		{CE0BC8A6-273F-4216-828C-AD55EA9120E8}.Release|Any CPU.Build.0 = Release|Any CPU
		{93185128-F66E-4FF0-A6E5-3CDE7E7E9D49}.Debug|Any CPU.ActiveCfg = Debug|Any CPU
		{93185128-F66E-4FF0-A6E5-3CDE7E7E9D49}.Debug|Any CPU.Build.0 = Debug|Any CPU
		{93185128-F66E-4FF0-A6E5-3CDE7E7E9D49}.Release|Any CPU.ActiveCfg = Release|Any CPU
		{93185128-F66E-4FF0-A6E5-3CDE7E7E9D49}.Release|Any CPU.Build.0 = Release|Any CPU
	EndGlobalSection
	GlobalSection(SolutionProperties) = preSolution
		HideSolutionNode = FALSE
	EndGlobalSection
	GlobalSection(ExtensibilityGlobals) = postSolution
		SolutionGuid = {2810F180-0C02-4A18-9FDE-B6F847CD81CE}
	EndGlobalSection
EndGlobal
